{
    "name": "njstuya",
    "version": "1.1.0",
    "lockfileVersion": 1,
    "requires": true,
    "dependencies": {
        "base64-js": {
            "version": "1.3.0",
            "resolved": "https://registry.npmjs.org/base64-js/-/base64-js-1.3.0.tgz",
            "integrity": "sha512-ccav/yGvoa80BQDljCxsmmQ3Xvx60/UpBIij5QN21W3wBi/hhIC9OoO+KLpu9IJTS9j4DRVJ3aDDF9cMSoa2lw=="
        },
        "buffer": {
            "version": "5.2.0",
            "resolved": "https://registry.npmjs.org/buffer/-/buffer-5.2.0.tgz",
            "integrity": "sha512-nUJyfChH7PMJy75eRDCCKtszSEFokUNXC1hNVSe+o+VdcgvDPLs20k3v8UXI8ruRYAJiYtyRea8mYyqPxoHWDw==",
            "requires": {
                "base64-js": "^1.0.2",
                "ieee754": "^1.1.4"
            }
        },
        "crc": {
            "version": "3.8.0",
            "resolved": "https://registry.npmjs.org/crc/-/crc-3.8.0.tgz",
            "integrity": "sha512-iX3mfgcTMIq3ZKLIsVFAbv7+Mc10kxabAGQb8HvjA1o3T1PIYprbakQ65d3I+2HGHt6nSKkM9PYjgoJO2KcFBQ==",
            "requires": {
                "buffer": "^5.1.0"
            }
        },
        "ieee754": {
            "version": "1.1.12",
            "resolved": "https://registry.npmjs.org/ieee754/-/ieee754-1.1.12.tgz",
            "integrity": "sha512-GguP+DRY+pJ3soyIiGPTvdiVXjZ+DbXOxGpXn3eMvNW4x4irjqXm4wHKscC+TfxSJ0yw/S1F24tqdMNsMZTiLA=="
        },
        "ms": {
            "version": "2.0.0",
            "resolved": "https://registry.npmjs.org/ms/-/ms-2.0.0.tgz",
            "integrity": "sha1-VgiurfwAvmwpAd9fmGF4jeDVl8g="
        },
        "node-forge": {
            "version": "0.7.6",
            "resolved": "https://registry.npmjs.org/node-forge/-/node-forge-0.7.6.tgz",
            "integrity": "sha512-sol30LUpz1jQFBjOKwbjxijiE3b6pjd74YwfD0fJOKPjF+fONKb2Yg8rYgS6+bK6VDl+/wfr4IYpC7jDzLUIfw=="
        },
        "p-finally": {
            "version": "1.0.0",
            "resolved": "https://registry.npmjs.org/p-finally/-/p-finally-1.0.0.tgz",
            "integrity": "sha1-P7z7FbiZpEEjs0ttzBi3JDNqLK4="
        },
        "p-timeout": {
            "version": "2.0.1",
            "resolved": "https://registry.npmjs.org/p-timeout/-/p-timeout-2.0.1.tgz",
            "integrity": "sha512-88em58dDVB/KzPEx1X0N3LwFfYZPyDc4B6eF38M1rk9VTZMbxXXgjugz8mmwpS9Ox4BDZ+t6t3QP5+/gazweIA==",
            "requires": {
                "p-finally": "^1.0.0"
            }
        },
        "retry": {
            "version": "0.10.1",
            "resolved": "https://registry.npmjs.org/retry/-/retry-0.10.1.tgz",
            "integrity": "sha1-52OI0heZLCUnUCQdPTlW/tmNj/Q="
        },
        "tuyapi": {
            "version": "github:codetheweb/tuyapi#7044e0789c5ce3573dafdf05761320feca1c419d",
            "from": "github:codetheweb/tuyapi",
            "requires": {
                "crc": "^3.5.0",
                "debug": "^3.1.0",
                "node-forge": "^0.7.1",
                "p-timeout": "^2.0.1",
                "retry": "^0.10.1"
            },
            "dependencies": {
                "debug": {
                    "version": "3.1.0",
                    "resolved": "https://registry.npmjs.org/debug/-/debug-3.1.0.tgz",
                    "integrity": "sha512-OX8XqP7/1a9cqkxYw2yXss15f26NKWBpDXQd0/uK/KPqdQhxbPa994hnzjcE2VqQpDslf55723cKPUOGSmMY3g==",
                    "requires": {
                        "ms": "2.0.0"
                    }
                }
            }
        }
    }
}
